<?xml version="1.0" encoding="utf-8"?>
<Project ToolsVersion="4.0" xmlns="http://schemas.microsoft.com/developer/msbuild/2003">
  <ItemGroup>
    <Filter Include="Source Files">
      <UniqueIdentifier>{4FC737F1-C7A5-4376-A066-2A32D752A2FF}</UniqueIdentifier>
      <Extensions>cpp;c;cc;cxx;c++;cppm;ixx;def;odl;idl;hpj;bat;asm;asmx</Extensions>
    </Filter>
    <Filter Include="Header Files">
      <UniqueIdentifier>{93995380-89BD-4b04-88EB-625FBE52EBFB}</UniqueIdentifier>
      <Extensions>h;hh;hpp;hxx;h++;hm;inl;inc;ipp;xsd</Extensions>
    </Filter>
    <Filter Include="Resource Files">
      <UniqueIdentifier>{67DA6AB6-F800-4c08-8B7A-83BB121AAD01}</UniqueIdentifier>
      <Extensions>rc;ico;cur;bmp;dlg;rc2;rct;bin;rgs;gif;jpg;jpeg;jpe;resx;tiff;tif;png;wav;mfcribbon-ms</Extensions>
    </Filter>
    <Filter Include="Header Files\Entidades">
      <UniqueIdentifier>{ed8ecea2-030c-4a5a-bef1-47b64b944eed}</UniqueIdentifier>
    </Filter>
    <Filter Include="Source Files\Entidades">
      <UniqueIdentifier>{9e5cffea-0a76-4728-84e8-61280f34e61c}</UniqueIdentifier>
    </Filter>
    <Filter Include="Header Files\Gerenciadores">
      <UniqueIdentifier>{b4b36a39-3cee-4684-816e-7cbc077037bb}</UniqueIdentifier>
    </Filter>
    <Filter Include="Source Files\Gerenciadores">
      <UniqueIdentifier>{7bd6f30f-c4da-4cb6-8e70-8ba08dbf42b2}</UniqueIdentifier>
    </Filter>
    <Filter Include="Header Files\Entidades\Obstaculos">
      <UniqueIdentifier>{a922e896-640e-42db-ba84-87bf65f13a0a}</UniqueIdentifier>
    </Filter>
    <Filter Include="Header Files\Fase">
      <UniqueIdentifier>{3ad79a5e-f836-4c97-aef6-5e3cd2081265}</UniqueIdentifier>
    </Filter>
    <Filter Include="Header Files\Listas">
      <UniqueIdentifier>{840f437c-ecb7-460b-969e-83bf243253d3}</UniqueIdentifier>
    </Filter>
    <Filter Include="Source Files\Entidades\Personagens">
      <UniqueIdentifier>{26819c15-faff-49da-baaa-4c3406dc986a}</UniqueIdentifier>
    </Filter>
    <Filter Include="Source Files\Entidades\Obstaculos">
      <UniqueIdentifier>{38099301-64cd-40a7-abc9-ec604e6244ae}</UniqueIdentifier>
    </Filter>
    <Filter Include="Source Files\Listas">
      <UniqueIdentifier>{110fb33b-6b14-40e0-80bb-6874e027dc9e}</UniqueIdentifier>
    </Filter>
    <Filter Include="Header Files\Entidades\Personagens">
      <UniqueIdentifier>{7f13cc0f-76e7-48b7-8d18-9b2e75dcbebc}</UniqueIdentifier>
    </Filter>
    <Filter Include="Header Files\Menus">
      <UniqueIdentifier>{b198f125-380b-4fe7-818c-6686576d7d9b}</UniqueIdentifier>
    </Filter>
    <Filter Include="Source Files\Menus">
      <UniqueIdentifier>{53a2cf48-a459-45ce-9e58-d93fadd4ea43}</UniqueIdentifier>
    </Filter>
    <Filter Include="Source Files\Fase">
      <UniqueIdentifier>{391f0b95-101b-4bd0-9a49-a19f3c035910}</UniqueIdentifier>
    </Filter>
  </ItemGroup>
  <ItemGroup>
    <ClCompile Include="Main.cpp">
      <Filter>Source Files</Filter>
    </ClCompile>
    <ClCompile Include="Ente.cpp">
      <Filter>Source Files</Filter>
    </ClCompile>
    <ClCompile Include="Jogo.cpp">
      <Filter>Source Files</Filter>
    </ClCompile>
    <ClCompile Include="Entidade.cpp">
      <Filter>Source Files\Entidades</Filter>
    </ClCompile>
    <ClCompile Include="Polen.cpp">
      <Filter>Source Files\Entidades</Filter>
    </ClCompile>
    <ClCompile Include="Gerenciador_Colisoes.cpp">
      <Filter>Source Files\Gerenciadores</Filter>
    </ClCompile>
    <ClCompile Include="Gerenciador_Grafico.cpp">
      <Filter>Source Files\Gerenciadores</Filter>
    </ClCompile>
    <ClCompile Include="Plataforma.cpp">
      <Filter>Source Files\Entidades\Obstaculos</Filter>
    </ClCompile>
    <ClCompile Include="Mola.cpp">
      <Filter>Source Files\Entidades\Obstaculos</Filter>
    </ClCompile>
    <ClCompile Include="Espinho.cpp">
      <Filter>Source Files\Entidades\Obstaculos</Filter>
    </ClCompile>
    <ClCompile Include="Obstaculo.cpp">
      <Filter>Source Files\Entidades\Obstaculos</Filter>
    </ClCompile>
    <ClCompile Include="Fase.cpp">
      <Filter>Source Files\Fase</Filter>
    </ClCompile>
    <ClCompile Include="JardimVerde.cpp">
      <Filter>Source Files\Fase</Filter>
    </ClCompile>
    <ClCompile Include="JardimFlores.cpp">
      <Filter>Source Files\Fase</Filter>
    </ClCompile>
    <ClCompile Include="ListaEntidades.cpp">
      <Filter>Source Files\Listas</Filter>
    </ClCompile>
    <ClCompile Include="Jogador.cpp">
      <Filter>Source Files\Entidades\Personagens</Filter>
    </ClCompile>
    <ClCompile Include="Personagem.cpp">
      <Filter>Source Files\Entidades\Personagens</Filter>
    </ClCompile>
    <ClCompile Include="Inimigo.cpp">
      <Filter>Source Files\Entidades\Personagens</Filter>
    </ClCompile>
    <ClCompile Include="Cachorro.cpp">
      <Filter>Source Files\Entidades\Personagens</Filter>
    </ClCompile>
    <ClCompile Include="FlorChefe.cpp">
      <Filter>Source Files\Entidades\Personagens</Filter>
    </ClCompile>
    <ClCompile Include="Sol.cpp">
      <Filter>Source Files\Entidades\Personagens</Filter>
    </ClCompile>
    <ClCompile Include="Menu_Principal.cpp">
      <Filter>Source Files\Menus</Filter>
    </ClCompile>
    <ClCompile Include="Menu.cpp">
      <Filter>Source Files\Menus</Filter>
    </ClCompile>
    <ClCompile Include="Menu_Fases.cpp">
      <Filter>Source Files\Menus</Filter>
    </ClCompile>
    <ClCompile Include="Menu_Jogadores.cpp">
      <Filter>Source Files\Menus</Filter>
    </ClCompile>
    <ClCompile Include="Menu_Ranking.cpp">
      <Filter>Source Files\Menus</Filter>
    </ClCompile>
  </ItemGroup>
  <ItemGroup>
    <ClInclude Include="CoordenadaTL.h">
      <Filter>Header Files</Filter>
    </ClInclude>
    <ClInclude Include="Ente.h">
      <Filter>Header Files</Filter>
    </ClInclude>
    <ClInclude Include="Jogo.h">
      <Filter>Header Files</Filter>
    </ClInclude>
    <ClInclude Include="Entidade.h">
      <Filter>Header Files\Entidades</Filter>
    </ClInclude>
    <ClInclude Include="Polen.h">
      <Filter>Header Files\Entidades</Filter>
    </ClInclude>
    <ClInclude Include="Gerenciador_Colisoes.h">
      <Filter>Header Files\Gerenciadores</Filter>
    </ClInclude>
    <ClInclude Include="Gerenciador_Grafico.h">
      <Filter>Header Files\Gerenciadores</Filter>
    </ClInclude>
    <ClInclude Include="Jogador.h">
      <Filter>Header Files\Entidades\Personagens</Filter>
    </ClInclude>
    <ClInclude Include="Mola.h">
      <Filter>Header Files\Entidades\Obstaculos</Filter>
    </ClInclude>
    <ClInclude Include="Plataforma.h">
      <Filter>Header Files\Entidades\Obstaculos</Filter>
    </ClInclude>
    <ClInclude Include="Espinho.h">
      <Filter>Header Files\Entidades\Obstaculos</Filter>
    </ClInclude>
    <ClInclude Include="Obstaculo.h">
      <Filter>Header Files\Entidades\Obstaculos</Filter>
    </ClInclude>
    <ClInclude Include="Fase.h">
      <Filter>Header Files\Fase</Filter>
    </ClInclude>
    <ClInclude Include="JardimVerde.h">
      <Filter>Header Files\Fase</Filter>
    </ClInclude>
    <ClInclude Include="JardimFlores.h">
      <Filter>Header Files\Fase</Filter>
    </ClInclude>
    <ClInclude Include="ListaEntidades.h">
      <Filter>Header Files\Listas</Filter>
    </ClInclude>
    <ClInclude Include="Lista.h">
      <Filter>Header Files\Listas</Filter>
    </ClInclude>
    <ClInclude Include="Personagem.h">
      <Filter>Header Files\Entidades\Personagens</Filter>
    </ClInclude>
    <ClInclude Include="Inimigo.h">
      <Filter>Header Files\Entidades\Personagens</Filter>
    </ClInclude>
    <ClInclude Include="Cachorro.h">
      <Filter>Header Files\Entidades\Personagens</Filter>
    </ClInclude>
    <ClInclude Include="FlorChefe.h">
      <Filter>Header Files\Entidades\Personagens</Filter>
    </ClInclude>
    <ClInclude Include="Sol.h">
      <Filter>Header Files\Entidades\Personagens</Filter>
    </ClInclude>
    <ClInclude Include="Menu.h">
      <Filter>Header Files\Menus</Filter>
    </ClInclude>
    <ClInclude Include="Menu_Principal.h">
      <Filter>Header Files\Menus</Filter>
    </ClInclude>
    <ClInclude Include="Menu_Fases.h">
      <Filter>Header Files\Menus</Filter>
    </ClInclude>
    <ClInclude Include="Menu_Jogadores.h">
      <Filter>Header Files\Menus</Filter>
    </ClInclude>
    <ClInclude Include="Menu_Ranking.h">
      <Filter>Header Files\Menus</Filter>
    </ClInclude>
  </ItemGroup>
</Project>